{
  "pins" : [
    {
      "identity" : "filesugar",
      "kind" : "remoteSourceControl",
      "location" : "https://github.com/eonist/FileSugar.git",
      "state" : {
        "branch" : "master",
        "revision" : "c2b801b6afa82283e11ba4e534d21f0e472e89c8"
      }
    },
    {
      "identity" : "jsonsugar",
      "kind" : "remoteSourceControl",
      "location" : "https://github.com/eonist/JSONSugar",
      "state" : {
        "branch" : "master",
        "revision" : "de543ae05fe2c18a6d0a3bca1d24656703ced9cd"
      }
    }
  ],
  "version" : 2
}
